// !$*UTF8*$!
{
	archiveVersion = 1;
	classes = {
	};
	objectVersion = 77;
	objects = {

/* Begin PBXBuildFile section */
		C8CDB1572D94CCC1006308BA /* SnapKit in Frameworks */ = {isa = PBXBuildFile; productRef = C8CDB1562D94CCC1006308BA /* SnapKit */; };
		C8CDB1A12D9629D5006308BA /* FLAnimatedImage in Frameworks */ = {isa = PBXBuildFile; productRef = C8CDB1A02D9629D5006308BA /* FLAnimatedImage */; };
/* End PBXBuildFile section */

/* Begin PBXContainerItemProxy section */
		C8184DC82D938CFA003CCE51 /* PBXContainerItemProxy */ = {
			isa = PBXContainerItemProxy;
			containerPortal = C8184DA92D938CF7003CCE51 /* Project object */;
			proxyType = 1;
			remoteGlobalIDString = C8184DB02D938CF8003CCE51;
			remoteInfo = pokedexifood;
		};
		C8184DD22D938CFA003CCE51 /* PBXContainerItemProxy */ = {
			isa = PBXContainerItemProxy;
			containerPortal = C8184DA92D938CF7003CCE51 /* Project object */;
			proxyType = 1;
			remoteGlobalIDString = C8184DB02D938CF8003CCE51;
			remoteInfo = pokedexifood;
		};
/* End PBXContainerItemProxy section */

/* Begin PBXFileReference section */
		C8184DB12D938CF8003CCE51 /* pokedexifood.app */ = {isa = PBXFileReference; explicitFileType = wrapper.application; includeInIndex = 0; path = pokedexifood.app; sourceTree = BUILT_PRODUCTS_DIR; };
		C8184DC72D938CFA003CCE51 /* pokedexifoodTests.xctest */ = {isa = PBXFileReference; explicitFileType = wrapper.cfbundle; includeInIndex = 0; path = pokedexifoodTests.xctest; sourceTree = BUILT_PRODUCTS_DIR; };
		C8184DD12D938CFA003CCE51 /* pokedexifoodUITests.xctest */ = {isa = PBXFileReference; explicitFileType = wrapper.cfbundle; includeInIndex = 0; path = pokedexifoodUITests.xctest; sourceTree = BUILT_PRODUCTS_DIR; };
/* End PBXFileReference section */

/* Begin PBXFileSystemSynchronizedBuildFileExceptionSet section */
		C8184DD92D938CFA003CCE51 /* Exceptions for "pokedexifood" folder in "pokedexifood" target */ = {
			isa = PBXFileSystemSynchronizedBuildFileExceptionSet;
			membershipExceptions = (
				Info.plist,
			);
			target = C8184DB02D938CF8003CCE51 /* pokedexifood */;
		};
/* End PBXFileSystemSynchronizedBuildFileExceptionSet section */

/* Begin PBXFileSystemSynchronizedRootGroup section */
		C8184DB32D938CF8003CCE51 /* pokedexifood */ = {
			isa = PBXFileSystemSynchronizedRootGroup;
			exceptions = (
				C8184DD92D938CFA003CCE51 /* Exceptions for "pokedexifood" folder in "pokedexifood" target */,
			);
			path = pokedexifood;
			sourceTree = "<group>";
		};
		C8184DCA2D938CFA003CCE51 /* pokedexifoodTests */ = {
			isa = PBXFileSystemSynchronizedRootGroup;
			path = pokedexifoodTests;
			sourceTree = "<group>";
		};
		C8184DD42D938CFA003CCE51 /* pokedexifoodUITests */ = {
			isa = PBXFileSystemSynchronizedRootGroup;
			path = pokedexifoodUITests;
			sourceTree = "<group>";
		};
/* End PBXFileSystemSynchronizedRootGroup section */

/* Begin PBXFrameworksBuildPhase section */
		C8184DAE2D938CF8003CCE51 /* Frameworks */ = {
			isa = PBXFrameworksBuildPhase;
			buildActionMask = 2147483647;
			files = (
				C8CDB1572D94CCC1006308BA /* SnapKit in Frameworks */,
				C8CDB1A12D9629D5006308BA /* FLAnimatedImage in Frameworks */,
			);
			runOnlyForDeploymentPostprocessing = 0;
		};
		C8184DC42D938CFA003CCE51 /* Frameworks */ = {
			isa = PBXFrameworksBuildPhase;
			buildActionMask = 2147483647;
			files = (
			);
			runOnlyForDeploymentPostprocessing = 0;
		};
		C8184DCE2D938CFA003CCE51 /* Frameworks */ = {
			isa = PBXFrameworksBuildPhase;
			buildActionMask = 2147483647;
			files = (
			);
			runOnlyForDeploymentPostprocessing = 0;
		};
/* End PBXFrameworksBuildPhase section */

/* Begin PBXGroup section */
		C8184DA82D938CF7003CCE51 = {
			isa = PBXGroup;
			children = (
				C8184DB32D938CF8003CCE51 /* pokedexifood */,
				C8184DCA2D938CFA003CCE51 /* pokedexifoodTests */,
				C8184DD42D938CFA003CCE51 /* pokedexifoodUITests */,
				C8184DB22D938CF8003CCE51 /* Products */,
			);
			sourceTree = "<group>";
		};
		C8184DB22D938CF8003CCE51 /* Products */ = {
			isa = PBXGroup;
			children = (
				C8184DB12D938CF8003CCE51 /* pokedexifood.app */,
				C8184DC72D938CFA003CCE51 /* pokedexifoodTests.xctest */,
				C8184DD12D938CFA003CCE51 /* pokedexifoodUITests.xctest */,
			);
			name = Products;
			sourceTree = "<group>";
		};
/* End PBXGroup section */

/* Begin PBXNativeTarget section */
		C8184DB02D938CF8003CCE51 /* pokedexifood */ = {
			isa = PBXNativeTarget;
			buildConfigurationList = C8184DDA2D938CFA003CCE51 /* Build configuration list for PBXNativeTarget "pokedexifood" */;
			buildPhases = (
				C8184DAD2D938CF8003CCE51 /* Sources */,
				C8184DAE2D938CF8003CCE51 /* Frameworks */,
				C8184DAF2D938CF8003CCE51 /* Resources */,
				C8CDB1C72D98C619006308BA /* ShellScript */,
			);
			buildRules = (
			);
			dependencies = (
			);
			fileSystemSynchronizedGroups = (
				C8184DB32D938CF8003CCE51 /* pokedexifood */,
			);
			name = pokedexifood;
			packageProductDependencies = (
				C8CDB1562D94CCC1006308BA /* SnapKit */,
				C8CDB1A02D9629D5006308BA /* FLAnimatedImage */,
			);
			productName = pokedexifood;
			productReference = C8184DB12D938CF8003CCE51 /* pokedexifood.app */;
			productType = "com.apple.product-type.application";
		};
		C8184DC62D938CFA003CCE51 /* pokedexifoodTests */ = {
			isa = PBXNativeTarget;
			buildConfigurationList = C8184DDF2D938CFA003CCE51 /* Build configuration list for PBXNativeTarget "pokedexifoodTests" */;
			buildPhases = (
				C8184DC32D938CFA003CCE51 /* Sources */,
				C8184DC42D938CFA003CCE51 /* Frameworks */,
				C8184DC52D938CFA003CCE51 /* Resources */,
			);
			buildRules = (
			);
			dependencies = (
				C8184DC92D938CFA003CCE51 /* PBXTargetDependency */,
			);
			fileSystemSynchronizedGroups = (
				C8184DCA2D938CFA003CCE51 /* pokedexifoodTests */,
			);
			name = pokedexifoodTests;
			packageProductDependencies = (
			);
			productName = pokedexifoodTests;
			productReference = C8184DC72D938CFA003CCE51 /* pokedexifoodTests.xctest */;
			productType = "com.apple.product-type.bundle.unit-test";
		};
		C8184DD02D938CFA003CCE51 /* pokedexifoodUITests */ = {
			isa = PBXNativeTarget;
			buildConfigurationList = C8184DE22D938CFA003CCE51 /* Build configuration list for PBXNativeTarget "pokedexifoodUITests" */;
			buildPhases = (
				C8184DCD2D938CFA003CCE51 /* Sources */,
				C8184DCE2D938CFA003CCE51 /* Frameworks */,
				C8184DCF2D938CFA003CCE51 /* Resources */,
			);
			buildRules = (
			);
			dependencies = (
				C8184DD32D938CFA003CCE51 /* PBXTargetDependency */,
			);
			fileSystemSynchronizedGroups = (
				C8184DD42D938CFA003CCE51 /* pokedexifoodUITests */,
			);
			name = pokedexifoodUITests;
			packageProductDependencies = (
			);
			productName = pokedexifoodUITests;
			productReference = C8184DD12D938CFA003CCE51 /* pokedexifoodUITests.xctest */;
			productType = "com.apple.product-type.bundle.ui-testing";
		};
/* End PBXNativeTarget section */

/* Begin PBXProject section */
		C8184DA92D938CF7003CCE51 /* Project object */ = {
			isa = PBXProject;
			attributes = {
				BuildIndependentTargetsInParallel = 1;
				LastSwiftUpdateCheck = 1620;
				LastUpgradeCheck = 1620;
				TargetAttributes = {
					C8184DB02D938CF8003CCE51 = {
						CreatedOnToolsVersion = 16.2;
					};
					C8184DC62D938CFA003CCE51 = {
						CreatedOnToolsVersion = 16.2;
						TestTargetID = C8184DB02D938CF8003CCE51;
					};
					C8184DD02D938CFA003CCE51 = {
						CreatedOnToolsVersion = 16.2;
						TestTargetID = C8184DB02D938CF8003CCE51;
					};
				};
			};
			buildConfigurationList = C8184DAC2D938CF7003CCE51 /* Build configuration list for PBXProject "pokedexifood" */;
			developmentRegion = en;
			hasScannedForEncodings = 0;
			knownRegions = (
				en,
				Base,
			);
			mainGroup = C8184DA82D938CF7003CCE51;
			minimizedProjectReferenceProxies = 1;
			packageReferences = (
				C8CDB1552D94CCC1006308BA /* XCRemoteSwiftPackageReference "SnapKit" */,
				C8CDB19F2D9629D5006308BA /* XCRemoteSwiftPackageReference "FLAnimatedImage" */,
			);
			preferredProjectObjectVersion = 77;
			productRefGroup = C8184DB22D938CF8003CCE51 /* Products */;
			projectDirPath = "";
			projectRoot = "";
			targets = (
				C8184DB02D938CF8003CCE51 /* pokedexifood */,
				C8184DC62D938CFA003CCE51 /* pokedexifoodTests */,
				C8184DD02D938CFA003CCE51 /* pokedexifoodUITests */,
			);
		};
/* End PBXProject section */

/* Begin PBXResourcesBuildPhase section */
		C8184DAF2D938CF8003CCE51 /* Resources */ = {
			isa = PBXResourcesBuildPhase;
			buildActionMask = 2147483647;
			files = (
			);
			runOnlyForDeploymentPostprocessing = 0;
		};
		C8184DC52D938CFA003CCE51 /* Resources */ = {
			isa = PBXResourcesBuildPhase;
			buildActionMask = 2147483647;
			files = (
			);
			runOnlyForDeploymentPostprocessing = 0;
		};
		C8184DCF2D938CFA003CCE51 /* Resources */ = {
			isa = PBXResourcesBuildPhase;
			buildActionMask = 2147483647;
			files = (
			);
			runOnlyForDeploymentPostprocessing = 0;
		};
/* End PBXResourcesBuildPhase section */

/* Begin PBXShellScriptBuildPhase section */
		C8CDB1C72D98C619006308BA /* ShellScript */ = {
			isa = PBXShellScriptBuildPhase;
			alwaysOutOfDate = 1;
			buildActionMask = 2147483647;
			files = (
			);
			inputFileListPaths = (
			);
			inputPaths = (
			);
			outputFileListPaths = (
			);
			outputPaths = (
			);
			runOnlyForDeploymentPostprocessing = 0;
			shellPath = /bin/sh;
			shellScript = "# Type a script or drag a script file from your workspace to insert its path.\nif command -v swiftlint >/dev/null 2>&1\nthen\n    swiftlint\nelse\n    echo \"warning: swiftlint command not found - See https://github.com/realm/SwiftLint#installation for installation instructions.\"\nfi\n";
		};
/* End PBXShellScriptBuildPhase section */

/* Begin PBXSourcesBuildPhase section */
		C8184DAD2D938CF8003CCE51 /* Sources */ = {
			isa = PBXSourcesBuildPhase;
			buildActionMask = 2147483647;
			files = (
			);
			runOnlyForDeploymentPostprocessing = 0;
		};
		C8184DC32D938CFA003CCE51 /* Sources */ = {
			isa = PBXSourcesBuildPhase;
			buildActionMask = 2147483647;
			files = (
			);
			runOnlyForDeploymentPostprocessing = 0;
		};
		C8184DCD2D938CFA003CCE51 /* Sources */ = {
			isa = PBXSourcesBuildPhase;
			buildActionMask = 2147483647;
			files = (
			);
			runOnlyForDeploymentPostprocessing = 0;
		};
/* End PBXSourcesBuildPhase section */

/* Begin PBXTargetDependency section */
		C8184DC92D938CFA003CCE51 /* PBXTargetDependency */ = {
			isa = PBXTargetDependency;
			target = C8184DB02D938CF8003CCE51 /* pokedexifood */;
			targetProxy = C8184DC82D938CFA003CCE51 /* PBXContainerItemProxy */;
		};
		C8184DD32D938CFA003CCE51 /* PBXTargetDependency */ = {
			isa = PBXTargetDependency;
			target = C8184DB02D938CF8003CCE51 /* pokedexifood */;
			targetProxy = C8184DD22D938CFA003CCE51 /* PBXContainerItemProxy */;
		};
/* End PBXTargetDependency section */

/* Begin XCBuildConfiguration section */
		C8184DDB2D938CFA003CCE51 /* Debug */ = {
			isa = XCBuildConfiguration;
			buildSettings = {
				ASSETCATALOG_COMPILER_APPICON_NAME = AppIcon;
				ASSETCATALOG_COMPILER_GLOBAL_ACCENT_COLOR_NAME = AccentColor;
				CODE_SIGN_STYLE = Automatic;
				CURRENT_PROJECT_VERSION = 1;
				DEVELOPMENT_TEAM = 87UTUM347S;
				ENABLE_USER_SCRIPT_SANDBOXING = NO;
				GENERATE_INFOPLIST_FILE = YES;
				INFOPLIST_FILE = pokedexifood/Info.plist;
				INFOPLIST_KEY_UIApplicationSupportsIndirectInputEvents = YES;
				INFOPLIST_KEY_UILaunchStoryboardName = LaunchScreen;
				INFOPLIST_KEY_UISupportedInterfaceOrientations_iPad = "UIInterfaceOrientationPortrait UIInterfaceOrientationPortraitUpsideDown UIInterfaceOrientationLandscapeLeft UIInterfaceOrientationLandscapeRight";
				INFOPLIST_KEY_UISupportedInterfaceOrientations_iPhone = "UIInterfaceOrientationPortrait UIInterfaceOrientationLandscapeLeft UIInterfaceOrientationLandscapeRight";
				LD_RUNPATH_SEARCH_PATHS = (
					"$(inherited)",
					"@executable_path/Frameworks",
				);
				MARKETING_VERSION = 1.0;
				PRODUCT_BUNDLE_IDENTIFIER = taus.pokedexifood;
				PRODUCT_NAME = "$(TARGET_NAME)";
				SWIFT_EMIT_LOC_STRINGS = YES;
				SWIFT_VERSION = 5.0;
				TARGETED_DEVICE_FAMILY = "1,2";
			};
			name = Debug;
		};
		C8184DDC2D938CFA003CCE51 /* Release */ = {
			isa = XCBuildConfiguration;
			buildSettings = {
				ASSETCATALOG_COMPILER_APPICON_NAME = AppIcon;
				ASSETCATALOG_COMPILER_GLOBAL_ACCENT_COLOR_NAME = AccentColor;
				CODE_SIGN_STYLE = Automatic;
				CURRENT_PROJECT_VERSION = 1;
				DEVELOPMENT_TEAM = 87UTUM347S;
				ENABLE_USER_SCRIPT_SANDBOXING = NO;
				GENERATE_INFOPLIST_FILE = YES;
				INFOPLIST_FILE = pokedexifood/Info.plist;
				INFOPLIST_KEY_UIApplicationSupportsIndirectInputEvents = YES;
				INFOPLIST_KEY_UILaunchStoryboardName = LaunchScreen;
				INFOPLIST_KEY_UISupportedInterfaceOrientations_iPad = "UIInterfaceOrientationPortrait UIInterfaceOrientationPortraitUpsideDown UIInterfaceOrientationLandscapeLeft UIInterfaceOrientationLandscapeRight";
				INFOPLIST_KEY_UISupportedInterfaceOrientations_iPhone = "UIInterfaceOrientationPortrait UIInterfaceOrientationLandscapeLeft UIInterfaceOrientationLandscapeRight";
				LD_RUNPATH_SEARCH_PATHS = (
					"$(inherited)",
					"@executable_path/Frameworks",
				);
				MARKETING_VERSION = 1.0;
				PRODUCT_BUNDLE_IDENTIFIER = taus.pokedexifood;
				PRODUCT_NAME = "$(TARGET_NAME)";
				SWIFT_EMIT_LOC_STRINGS = YES;
				SWIFT_VERSION = 5.0;
				TARGETED_DEVICE_FAMILY = "1,2";
			};
			name = Release;
		};
		C8184DDD2D938CFA003CCE51 /* Debug */ = {
			isa = XCBuildConfiguration;
			buildSettings = {
				ALWAYS_SEARCH_USER_PATHS = NO;
				ASSETCATALOG_COMPILER_GENERATE_SWIFT_ASSET_SYMBOL_EXTENSIONS = YES;
				CLANG_ANALYZER_NONNULL = YES;
				CLANG_ANALYZER_NUMBER_OBJECT_CONVERSION = YES_AGGRESSIVE;
				CLANG_CXX_LANGUAGE_STANDARD = "gnu++20";
				CLANG_ENABLE_MODULES = YES;
				CLANG_ENABLE_OBJC_ARC = YES;
				CLANG_ENABLE_OBJC_WEAK = YES;
				CLANG_WARN_BLOCK_CAPTURE_AUTORELEASING = YES;
				CLANG_WARN_BOOL_CONVERSION = YES;
				CLANG_WARN_COMMA = YES;
				CLANG_WARN_CONSTANT_CONVERSION = YES;
				CLANG_WARN_DEPRECATED_OBJC_IMPLEMENTATIONS = YES;
				CLANG_WARN_DIRECT_OBJC_ISA_USAGE = YES_ERROR;
				CLANG_WARN_DOCUMENTATION_COMMENTS = YES;
				CLANG_WARN_EMPTY_BODY = YES;
				CLANG_WARN_ENUM_CONVERSION = YES;
				CLANG_WARN_INFINITE_RECURSION = YES;
				CLANG_WARN_INT_CONVERSION = YES;
				CLANG_WARN_NON_LITERAL_NULL_CONVERSION = YES;
				CLANG_WARN_OBJC_IMPLICIT_RETAIN_SELF = YES;
				CLANG_WARN_OBJC_LITERAL_CONVERSION = YES;
				CLANG_WARN_OBJC_ROOT_CLASS = YES_ERROR;
				CLANG_WARN_QUOTED_INCLUDE_IN_FRAMEWORK_HEADER = YES;
				CLANG_WARN_RANGE_LOOP_ANALYSIS = YES;
				CLANG_WARN_STRICT_PROTOTYPES = YES;
				CLANG_WARN_SUSPICIOUS_MOVE = YES;
				CLANG_WARN_UNGUARDED_AVAILABILITY = YES_AGGRESSIVE;
				CLANG_WARN_UNREACHABLE_CODE = YES;
				CLANG_WARN__DUPLICATE_METHOD_MATCH = YES;
				COPY_PHASE_STRIP = NO;
				DEBUG_INFORMATION_FORMAT = dwarf;
				ENABLE_STRICT_OBJC_MSGSEND = YES;
				ENABLE_TESTABILITY = YES;
				ENABLE_USER_SCRIPT_SANDBOXING = YES;
				GCC_C_LANGUAGE_STANDARD = gnu17;
				GCC_DYNAMIC_NO_PIC = NO;
				GCC_NO_COMMON_BLOCKS = YES;
				GCC_OPTIMIZATION_LEVEL = 0;
				GCC_PREPROCESSOR_DEFINITIONS = (
					"DEBUG=1",
					"$(inherited)",
				);
				GCC_WARN_64_TO_32_BIT_CONVERSION = YES;
				GCC_WARN_ABOUT_RETURN_TYPE = YES_ERROR;
				GCC_WARN_UNDECLARED_SELECTOR = YES;
				GCC_WARN_UNINITIALIZED_AUTOS = YES_AGGRESSIVE;
				GCC_WARN_UNUSED_FUNCTION = YES;
				GCC_WARN_UNUSED_VARIABLE = YES;
				IPHONEOS_DEPLOYMENT_TARGET = 18.2;
				LOCALIZATION_PREFERS_STRING_CATALOGS = YES;
				MTL_ENABLE_DEBUG_INFO = INCLUDE_SOURCE;
				MTL_FAST_MATH = YES;
				ONLY_ACTIVE_ARCH = YES;
				SDKROOT = iphoneos;
				SWIFT_ACTIVE_COMPILATION_CONDITIONS = "DEBUG $(inherited)";
				SWIFT_OPTIMIZATION_LEVEL = "-Onone";
			};
			name = Debug;
		};
		C8184DDE2D938CFA003CCE51 /* Release */ = {
			isa = XCBuildConfiguration;
			buildSettings = {
				ALWAYS_SEARCH_USER_PATHS = NO;
				ASSETCATALOG_COMPILER_GENERATE_SWIFT_ASSET_SYMBOL_EXTENSIONS = YES;
				CLANG_ANALYZER_NONNULL = YES;
				CLANG_ANALYZER_NUMBER_OBJECT_CONVERSION = YES_AGGRESSIVE;
				CLANG_CXX_LANGUAGE_STANDARD = "gnu++20";
				CLANG_ENABLE_MODULES = YES;
				CLANG_ENABLE_OBJC_ARC = YES;
				CLANG_ENABLE_OBJC_WEAK = YES;
				CLANG_WARN_BLOCK_CAPTURE_AUTORELEASING = YES;
				CLANG_WARN_BOOL_CONVERSION = YES;
				CLANG_WARN_COMMA = YES;
				CLANG_WARN_CONSTANT_CONVERSION = YES;
				CLANG_WARN_DEPRECATED_OBJC_IMPLEMENTATIONS = YES;
				CLANG_WARN_DIRECT_OBJC_ISA_USAGE = YES_ERROR;
				CLANG_WARN_DOCUMENTATION_COMMENTS = YES;
				CLANG_WARN_EMPTY_BODY = YES;
				CLANG_WARN_ENUM_CONVERSION = YES;
				CLANG_WARN_INFINITE_RECURSION = YES;
				CLANG_WARN_INT_CONVERSION = YES;
				CLANG_WARN_NON_LITERAL_NULL_CONVERSION = YES;
				CLANG_WARN_OBJC_IMPLICIT_RETAIN_SELF = YES;
				CLANG_WARN_OBJC_LITERAL_CONVERSION = YES;
				CLANG_WARN_OBJC_ROOT_CLASS = YES_ERROR;
				CLANG_WARN_QUOTED_INCLUDE_IN_FRAMEWORK_HEADER = YES;
				CLANG_WARN_RANGE_LOOP_ANALYSIS = YES;
				CLANG_WARN_STRICT_PROTOTYPES = YES;
				CLANG_WARN_SUSPICIOUS_MOVE = YES;
				CLANG_WARN_UNGUARDED_AVAILABILITY = YES_AGGRESSIVE;
				CLANG_WARN_UNREACHABLE_CODE = YES;
				CLANG_WARN__DUPLICATE_METHOD_MATCH = YES;
				COPY_PHASE_STRIP = NO;
				DEBUG_INFORMATION_FORMAT = "dwarf-with-dsym";
				ENABLE_NS_ASSERTIONS = NO;
				ENABLE_STRICT_OBJC_MSGSEND = YES;
				ENABLE_USER_SCRIPT_SANDBOXING = YES;
				GCC_C_LANGUAGE_STANDARD = gnu17;
				GCC_NO_COMMON_BLOCKS = YES;
				GCC_WARN_64_TO_32_BIT_CONVERSION = YES;
				GCC_WARN_ABOUT_RETURN_TYPE = YES_ERROR;
				GCC_WARN_UNDECLARED_SELECTOR = YES;
				GCC_WARN_UNINITIALIZED_AUTOS = YES_AGGRESSIVE;
				GCC_WARN_UNUSED_FUNCTION = YES;
				GCC_WARN_UNUSED_VARIABLE = YES;
				IPHONEOS_DEPLOYMENT_TARGET = 18.2;
				LOCALIZATION_PREFERS_STRING_CATALOGS = YES;
				MTL_ENABLE_DEBUG_INFO = NO;
				MTL_FAST_MATH = YES;
				SDKROOT = iphoneos;
				SWIFT_COMPILATION_MODE = wholemodule;
				VALIDATE_PRODUCT = YES;
			};
			name = Release;
		};
		C8184DE02D938CFA003CCE51 /* Debug */ = {
			isa = XCBuildConfiguration;
			buildSettings = {
				BUNDLE_LOADER = "$(TEST_HOST)";
				CODE_SIGN_STYLE = Automatic;
				CURRENT_PROJECT_VERSION = 1;
				DEVELOPMENT_TEAM = 87UTUM347S;
				GENERATE_INFOPLIST_FILE = YES;
				IPHONEOS_DEPLOYMENT_TARGET = 18.2;
				MARKETING_VERSION = 1.0;
				PRODUCT_BUNDLE_IDENTIFIER = taus.pokedexifoodTests;
				PRODUCT_NAME = "$(TARGET_NAME)";
				SWIFT_EMIT_LOC_STRINGS = NO;
				SWIFT_VERSION = 5.0;
				TARGETED_DEVICE_FAMILY = "1,2";
				TEST_HOST = "$(BUILT_PRODUCTS_DIR)/pokedexifood.app/$(BUNDLE_EXECUTABLE_FOLDER_PATH)/pokedexifood";
			};
			name = Debug;
		};
		C8184DE12D938CFA003CCE51 /* Release */ = {
			isa = XCBuildConfiguration;
			buildSettings = {
				BUNDLE_LOADER = "$(TEST_HOST)";
				CODE_SIGN_STYLE = Automatic;
				CURRENT_PROJECT_VERSION = 1;
				DEVELOPMENT_TEAM = 87UTUM347S;
				GENERATE_INFOPLIST_FILE = YES;
				IPHONEOS_DEPLOYMENT_TARGET = 18.2;
				MARKETING_VERSION = 1.0;
				PRODUCT_BUNDLE_IDENTIFIER = taus.pokedexifoodTests;
				PRODUCT_NAME = "$(TARGET_NAME)";
				SWIFT_EMIT_LOC_STRINGS = NO;
				SWIFT_VERSION = 5.0;
				TARGETED_DEVICE_FAMILY = "1,2";
				TEST_HOST = "$(BUILT_PRODUCTS_DIR)/pokedexifood.app/$(BUNDLE_EXECUTABLE_FOLDER_PATH)/pokedexifood";
			};
			name = Release;
		};
		C8184DE32D938CFA003CCE51 /* Debug */ = {
			isa = XCBuildConfiguration;
			buildSettings = {
				CODE_SIGN_STYLE = Automatic;
				CURRENT_PROJECT_VERSION = 1;
				DEVELOPMENT_TEAM = 87UTUM347S;
				GENERATE_INFOPLIST_FILE = YES;
				MARKETING_VERSION = 1.0;
				PRODUCT_BUNDLE_IDENTIFIER = taus.pokedexifoodUITests;
				PRODUCT_NAME = "$(TARGET_NAME)";
				SWIFT_EMIT_LOC_STRINGS = NO;
				SWIFT_VERSION = 5.0;
				TARGETED_DEVICE_FAMILY = "1,2";
				TEST_TARGET_NAME = pokedexifood;
			};
			name = Debug;
		};
		C8184DE42D938CFA003CCE51 /* Release */ = {
			isa = XCBuildConfiguration;
			buildSettings = {
				CODE_SIGN_STYLE = Automatic;
				CURRENT_PROJECT_VERSION = 1;
				DEVELOPMENT_TEAM = 87UTUM347S;
				GENERATE_INFOPLIST_FILE = YES;
				MARKETING_VERSION = 1.0;
				PRODUCT_BUNDLE_IDENTIFIER = taus.pokedexifoodUITests;
				PRODUCT_NAME = "$(TARGET_NAME)";
				SWIFT_EMIT_LOC_STRINGS = NO;
				SWIFT_VERSION = 5.0;
				TARGETED_DEVICE_FAMILY = "1,2";
				TEST_TARGET_NAME = pokedexifood;
			};
			name = Release;
		};
/* End XCBuildConfiguration section */

/* Begin XCConfigurationList section */
		C8184DAC2D938CF7003CCE51 /* Build configuration list for PBXProject "pokedexifood" */ = {
			isa = XCConfigurationList;
			buildConfigurations = (
				C8184DDD2D938CFA003CCE51 /* Debug */,
				C8184DDE2D938CFA003CCE51 /* Release */,
			);
			defaultConfigurationIsVisible = 0;
			defaultConfigurationName = Release;
		};
		C8184DDA2D938CFA003CCE51 /* Build configuration list for PBXNativeTarget "pokedexifood" */ = {
			isa = XCConfigurationList;
			buildConfigurations = (
				C8184DDB2D938CFA003CCE51 /* Debug */,
				C8184DDC2D938CFA003CCE51 /* Release */,
			);
			defaultConfigurationIsVisible = 0;
			defaultConfigurationName = Release;
		};
		C8184DDF2D938CFA003CCE51 /* Build configuration list for PBXNativeTarget "pokedexifoodTests" */ = {
			isa = XCConfigurationList;
			buildConfigurations = (
				C8184DE02D938CFA003CCE51 /* Debug */,
				C8184DE12D938CFA003CCE51 /* Release */,
			);
			defaultConfigurationIsVisible = 0;
			defaultConfigurationName = Release;
		};
		C8184DE22D938CFA003CCE51 /* Build configuration list for PBXNativeTarget "pokedexifoodUITests" */ = {
			isa = XCConfigurationList;
			buildConfigurations = (
				C8184DE32D938CFA003CCE51 /* Debug */,
				C8184DE42D938CFA003CCE51 /* Release */,
			);
			defaultConfigurationIsVisible = 0;
			defaultConfigurationName = Release;
		};
/* End XCConfigurationList section */

/* Begin XCRemoteSwiftPackageReference section */
		C8CDB1552D94CCC1006308BA /* XCRemoteSwiftPackageReference "SnapKit" */ = {
			isa = XCRemoteSwiftPackageReference;
			repositoryURL = "https://github.com/SnapKit/SnapKit.git";
			requirement = {
				kind = upToNextMajorVersion;
				minimumVersion = 5.7.1;
			};
		};
		C8CDB19F2D9629D5006308BA /* XCRemoteSwiftPackageReference "FLAnimatedImage" */ = {
			isa = XCRemoteSwiftPackageReference;
			repositoryURL = "https://github.com/Flipboard/FLAnimatedImage.git";
			requirement = {
				kind = upToNextMajorVersion;
				minimumVersion = 1.0.17;
			};
		};
/* End XCRemoteSwiftPackageReference section */

/* Begin XCSwiftPackageProductDependency section */
		C8CDB1562D94CCC1006308BA /* SnapKit */ = {
			isa = XCSwiftPackageProductDependency;
			package = C8CDB1552D94CCC1006308BA /* XCRemoteSwiftPackageReference "SnapKit" */;
			productName = SnapKit;
		};
		C8CDB1A02D9629D5006308BA /* FLAnimatedImage */ = {
			isa = XCSwiftPackageProductDependency;
			package = C8CDB19F2D9629D5006308BA /* XCRemoteSwiftPackageReference "FLAnimatedImage" */;
			productName = FLAnimatedImage;
		};
/* End XCSwiftPackageProductDependency section */
	};
	rootObject = C8184DA92D938CF7003CCE51 /* Project object */;
}
